// !$*UTF8*$!
{
	archiveVersion = 1;
	classes = {
	};
	objectVersion = 50;
	objects = {

/* Begin PBXBuildFile section */
		F0335D9622A55FC700077257 /* AppDelegate.swift in Sources */ = {isa = PBXBuildFile; fileRef = F0335D9522A55FC700077257 /* AppDelegate.swift */; };
		F0335D9822A55FC700077257 /* ViewController.swift in Sources */ = {isa = PBXBuildFile; fileRef = F0335D9722A55FC700077257 /* ViewController.swift */; };
		F0335D9B22A55FC700077257 /* Main.storyboard in Resources */ = {isa = PBXBuildFile; fileRef = F0335D9922A55FC700077257 /* Main.storyboard */; };
		F0335D9D22A55FCA00077257 /* Assets.xcassets in Resources */ = {isa = PBXBuildFile; fileRef = F0335D9C22A55FCA00077257 /* Assets.xcassets */; };
		F0335DA022A55FCA00077257 /* LaunchScreen.storyboard in Resources */ = {isa = PBXBuildFile; fileRef = F0335D9E22A55FCA00077257 /* LaunchScreen.storyboard */; };
		F0335DA922A562F500077257 /* MasterTabBar.storyboard in Resources */ = {isa = PBXBuildFile; fileRef = F0335DA722A562F500077257 /* MasterTabBar.storyboard */; };
		F0335DAB22A56C3700077257 /* ChangeImageBtn.swift in Sources */ = {isa = PBXBuildFile; fileRef = F0335DAA22A56C3700077257 /* ChangeImageBtn.swift */; };
		F0335DAE22A5710D00077257 /* DetailSplitVC.storyboard in Resources */ = {isa = PBXBuildFile; fileRef = F0335DAC22A5710D00077257 /* DetailSplitVC.storyboard */; };
		F0335DB022A5712800077257 /* Component.xib in Resources */ = {isa = PBXBuildFile; fileRef = F0335DAF22A5712800077257 /* Component.xib */; };
		F0335DB222A5722300077257 /* Component.swift in Sources */ = {isa = PBXBuildFile; fileRef = F0335DB122A5722300077257 /* Component.swift */; };
		F0335DB422A6530100077257 /* SplitViewController.swift in Sources */ = {isa = PBXBuildFile; fileRef = F0335DB322A6530100077257 /* SplitViewController.swift */; };
/* End PBXBuildFile section */

/* Begin PBXFileReference section */
		F0335D9222A55FC700077257 /* OtusDZ1.app */ = {isa = PBXFileReference; explicitFileType = wrapper.application; includeInIndex = 0; path = OtusDZ1.app; sourceTree = BUILT_PRODUCTS_DIR; };
		F0335D9522A55FC700077257 /* AppDelegate.swift */ = {isa = PBXFileReference; lastKnownFileType = sourcecode.swift; path = AppDelegate.swift; sourceTree = "<group>"; };
		F0335D9722A55FC700077257 /* ViewController.swift */ = {isa = PBXFileReference; lastKnownFileType = sourcecode.swift; path = ViewController.swift; sourceTree = "<group>"; };
		F0335D9A22A55FC700077257 /* Base */ = {isa = PBXFileReference; lastKnownFileType = file.storyboard; name = Base; path = Base.lproj/Main.storyboard; sourceTree = "<group>"; };
		F0335D9C22A55FCA00077257 /* Assets.xcassets */ = {isa = PBXFileReference; lastKnownFileType = folder.assetcatalog; path = Assets.xcassets; sourceTree = "<group>"; };
		F0335D9F22A55FCA00077257 /* Base */ = {isa = PBXFileReference; lastKnownFileType = file.storyboard; name = Base; path = Base.lproj/LaunchScreen.storyboard; sourceTree = "<group>"; };
		F0335DA122A55FCA00077257 /* Info.plist */ = {isa = PBXFileReference; lastKnownFileType = text.plist.xml; path = Info.plist; sourceTree = "<group>"; };
		F0335DA822A562F500077257 /* Base */ = {isa = PBXFileReference; lastKnownFileType = file.storyboard; name = Base; path = OtusDZ1/Base.lproj/MasterTabBar.storyboard; sourceTree = "<group>"; };
		F0335DAA22A56C3700077257 /* ChangeImageBtn.swift */ = {isa = PBXFileReference; lastKnownFileType = sourcecode.swift; path = ChangeImageBtn.swift; sourceTree = "<group>"; };
		F0335DAD22A5710D00077257 /* Base */ = {isa = PBXFileReference; lastKnownFileType = file.storyboard; name = Base; path = OtusDZ1/Base.lproj/DetailSplitVC.storyboard; sourceTree = "<group>"; };
		F0335DAF22A5712800077257 /* Component.xib */ = {isa = PBXFileReference; lastKnownFileType = file.xib; path = Component.xib; sourceTree = "<group>"; };
		F0335DB122A5722300077257 /* Component.swift */ = {isa = PBXFileReference; lastKnownFileType = sourcecode.swift; path = Component.swift; sourceTree = "<group>"; };
		F0335DB322A6530100077257 /* SplitViewController.swift */ = {isa = PBXFileReference; lastKnownFileType = sourcecode.swift; path = SplitViewController.swift; sourceTree = "<group>"; };
/* End PBXFileReference section */

/* Begin PBXFrameworksBuildPhase section */
		F0335D8F22A55FC700077257 /* Frameworks */ = {
			isa = PBXFrameworksBuildPhase;
			buildActionMask = 2147483647;
			files = (
			);
			runOnlyForDeploymentPostprocessing = 0;
		};
/* End PBXFrameworksBuildPhase section */

/* Begin PBXGroup section */
		F0335D8922A55FC700077257 = {
			isa = PBXGroup;
			children = (
				F0335D9422A55FC700077257 /* OtusDZ1 */,
				F0335D9322A55FC700077257 /* Products */,
			);
			sourceTree = "<group>";
		};
		F0335D9322A55FC700077257 /* Products */ = {
			isa = PBXGroup;
			children = (
				F0335D9222A55FC700077257 /* OtusDZ1.app */,
			);
			name = Products;
			sourceTree = "<group>";
		};
		F0335D9422A55FC700077257 /* OtusDZ1 */ = {
			isa = PBXGroup;
			children = (
				F0335D9522A55FC700077257 /* AppDelegate.swift */,
				F0335D9722A55FC700077257 /* ViewController.swift */,
				F0335D9922A55FC700077257 /* Main.storyboard */,
				F0335DA722A562F500077257 /* MasterTabBar.storyboard */,
				F0335DAC22A5710D00077257 /* DetailSplitVC.storyboard */,
				F0335DAF22A5712800077257 /* Component.xib */,
				F0335DB322A6530100077257 /* SplitViewController.swift */,
				F0335DAA22A56C3700077257 /* ChangeImageBtn.swift */,
				F0335DB122A5722300077257 /* Component.swift */,
				F0335D9C22A55FCA00077257 /* Assets.xcassets */,
				F0335D9E22A55FCA00077257 /* LaunchScreen.storyboard */,
				F0335DA122A55FCA00077257 /* Info.plist */,
			);
			path = OtusDZ1;
			sourceTree = "<group>";
		};
/* End PBXGroup section */

/* Begin PBXNativeTarget section */
		F0335D9122A55FC700077257 /* OtusDZ1 */ = {
			isa = PBXNativeTarget;
			buildConfigurationList = F0335DA422A55FCA00077257 /* Build configuration list for PBXNativeTarget "OtusDZ1" */;
			buildPhases = (
				F0335D8E22A55FC700077257 /* Sources */,
				F0335D8F22A55FC700077257 /* Frameworks */,
				F0335D9022A55FC700077257 /* Resources */,
			);
			buildRules = (
			);
			dependencies = (
			);
			name = OtusDZ1;
			productName = OtusDZ1;
			productReference = F0335D9222A55FC700077257 /* OtusDZ1.app */;
			productType = "com.apple.product-type.application";
		};
/* End PBXNativeTarget section */

/* Begin PBXProject section */
		F0335D8A22A55FC700077257 /* Project object */ = {
			isa = PBXProject;
			attributes = {
				LastSwiftUpdateCheck = 1020;
				LastUpgradeCheck = 1020;
				ORGANIZATIONNAME = "Генрих Берайлик";
				TargetAttributes = {
					F0335D9122A55FC700077257 = {
						CreatedOnToolsVersion = 10.2.1;
					};
				};
			};
			buildConfigurationList = F0335D8D22A55FC700077257 /* Build configuration list for PBXProject "OtusDZ1" */;
			compatibilityVersion = "Xcode 9.3";
			developmentRegion = en;
			hasScannedForEncodings = 0;
			knownRegions = (
				en,
				Base,
			);
			mainGroup = F0335D8922A55FC700077257;
			productRefGroup = F0335D9322A55FC700077257 /* Products */;
			projectDirPath = "";
			projectRoot = "";
			targets = (
				F0335D9122A55FC700077257 /* OtusDZ1 */,
			);
		};
/* End PBXProject section */

/* Begin PBXResourcesBuildPhase section */
		F0335D9022A55FC700077257 /* Resources */ = {
			isa = PBXResourcesBuildPhase;
			buildActionMask = 2147483647;
			files = (
				F0335DA022A55FCA00077257 /* LaunchScreen.storyboard in Resources */,
				F0335DB022A5712800077257 /* Component.xib in Resources */,
				F0335D9D22A55FCA00077257 /* Assets.xcassets in Resources */,
				F0335DAE22A5710D00077257 /* DetailSplitVC.storyboard in Resources */,
				F0335DA922A562F500077257 /* MasterTabBar.storyboard in Resources */,
				F0335D9B22A55FC700077257 /* Main.storyboard in Resources */,
			);
			runOnlyForDeploymentPostprocessing = 0;
		};
/* End PBXResourcesBuildPhase section */

/* Begin PBXSourcesBuildPhase section */
		F0335D8E22A55FC700077257 /* Sources */ = {
			isa = PBXSourcesBuildPhase;
			buildActionMask = 2147483647;
			files = (
				F0335DB422A6530100077257 /* SplitViewController.swift in Sources */,
				F0335DAB22A56C3700077257 /* ChangeImageBtn.swift in Sources */,
				F0335DB222A5722300077257 /* Component.swift in Sources */,
				F0335D9822A55FC700077257 /* ViewController.swift in Sources */,
				F0335D9622A55FC700077257 /* AppDelegate.swift in Sources */,
			);
			runOnlyForDeploymentPostprocessing = 0;
		};
/* End PBXSourcesBuildPhase section */

/* Begin PBXVariantGroup section */
		F0335D9922A55FC700077257 /* Main.storyboard */ = {
			isa = PBXVariantGroup;
			children = (
				F0335D9A22A55FC700077257 /* Base */,
			);
			name = Main.storyboard;
			sourceTree = "<group>";
		};
		F0335D9E22A55FCA00077257 /* LaunchScreen.storyboard */ = {
			isa = PBXVariantGroup;
			children = (
				F0335D9F22A55FCA00077257 /* Base */,
			);
			name = LaunchScreen.storyboard;
			sourceTree = "<group>";
		};
		F0335DA722A562F500077257 /* MasterTabBar.storyboard */ = {
			isa = PBXVariantGroup;
			children = (
				F0335DA822A562F500077257 /* Base */,
			);
			name = MasterTabBar.storyboard;
			sourceTree = "<group>";
		};
		F0335DAC22A5710D00077257 /* DetailSplitVC.storyboard */ = {
			isa = PBXVariantGroup;
			children = (
				F0335DAD22A5710D00077257 /* Base */,
			);
			name = DetailSplitVC.storyboard;
			sourceTree = "<group>";
		};
/* End PBXVariantGroup section */

/* Begin XCBuildConfiguration section */
		F0335DA222A55FCA00077257 /* Debug */ = {
			isa = XCBuildConfiguration;
			buildSettings = {
				ALWAYS_SEARCH_USER_PATHS = NO;
				CLANG_ANALYZER_NONNULL = YES;
				CLANG_ANALYZER_NUMBER_OBJECT_CONVERSION = YES_AGGRESSIVE;
				CLANG_CXX_LANGUAGE_STANDARD = "gnu++14";
				CLANG_CXX_LIBRARY = "libc++";
				CLANG_ENABLE_MODULES = YES;
				CLANG_ENABLE_OBJC_ARC = YES;
				CLANG_ENABLE_OBJC_WEAK = YES;
				CLANG_WARN_BLOCK_CAPTURE_AUTORELEASING = YES;
				CLANG_WARN_BOOL_CONVERSION = YES;
				CLANG_WARN_COMMA = YES;
				CLANG_WARN_CONSTANT_CONVERSION = YES;
				CLANG_WARN_DEPRECATED_OBJC_IMPLEMENTATIONS = YES;
				CLANG_WARN_DIRECT_OBJC_ISA_USAGE = YES_ERROR;
				CLANG_WARN_DOCUMENTATION_COMMENTS = YES;
				CLANG_WARN_EMPTY_BODY = YES;
				CLANG_WARN_ENUM_CONVERSION = YES;
				CLANG_WARN_INFINITE_RECURSION = YES;
				CLANG_WARN_INT_CONVERSION = YES;
				CLANG_WARN_NON_LITERAL_NULL_CONVERSION = YES;
				CLANG_WARN_OBJC_IMPLICIT_RETAIN_SELF = YES;
				CLANG_WARN_OBJC_LITERAL_CONVERSION = YES;
				CLANG_WARN_OBJC_ROOT_CLASS = YES_ERROR;
				CLANG_WARN_RANGE_LOOP_ANALYSIS = YES;
				CLANG_WARN_STRICT_PROTOTYPES = YES;
				CLANG_WARN_SUSPICIOUS_MOVE = YES;
				CLANG_WARN_UNGUARDED_AVAILABILITY = YES_AGGRESSIVE;
				CLANG_WARN_UNREACHABLE_CODE = YES;
				CLANG_WARN__DUPLICATE_METHOD_MATCH = YES;
				CODE_SIGN_IDENTITY = "iPhone Developer";
				COPY_PHASE_STRIP = NO;
				DEBUG_INFORMATION_FORMAT = dwarf;
				ENABLE_STRICT_OBJC_MSGSEND = YES;
				ENABLE_TESTABILITY = YES;
				GCC_C_LANGUAGE_STANDARD = gnu11;
				GCC_DYNAMIC_NO_PIC = NO;
				GCC_NO_COMMON_BLOCKS = YES;
				GCC_OPTIMIZATION_LEVEL = 0;
				GCC_PREPROCESSOR_DEFINITIONS = (
					"DEBUG=1",
					"$(inherited)",
				);
				GCC_WARN_64_TO_32_BIT_CONVERSION = YES;
				GCC_WARN_ABOUT_RETURN_TYPE = YES_ERROR;
				GCC_WARN_UNDECLARED_SELECTOR = YES;
				GCC_WARN_UNINITIALIZED_AUTOS = YES_AGGRESSIVE;
				GCC_WARN_UNUSED_FUNCTION = YES;
				GCC_WARN_UNUSED_VARIABLE = YES;
				IPHONEOS_DEPLOYMENT_TARGET = 12.2;
				MTL_ENABLE_DEBUG_INFO = INCLUDE_SOURCE;
				MTL_FAST_MATH = YES;
				ONLY_ACTIVE_ARCH = YES;
				SDKROOT = iphoneos;
				SWIFT_ACTIVE_COMPILATION_CONDITIONS = DEBUG;
				SWIFT_OPTIMIZATION_LEVEL = "-Onone";
			};
			name = Debug;
		};
		F0335DA322A55FCA00077257 /* Release */ = {
			isa = XCBuildConfiguration;
			buildSettings = {
				ALWAYS_SEARCH_USER_PATHS = NO;
				CLANG_ANALYZER_NONNULL = YES;
				CLANG_ANALYZER_NUMBER_OBJECT_CONVERSION = YES_AGGRESSIVE;
				CLANG_CXX_LANGUAGE_STANDARD = "gnu++14";
				CLANG_CXX_LIBRARY = "libc++";
				CLANG_ENABLE_MODULES = YES;
				CLANG_ENABLE_OBJC_ARC = YES;
				CLANG_ENABLE_OBJC_WEAK = YES;
				CLANG_WARN_BLOCK_CAPTURE_AUTORELEASING = YES;
				CLANG_WARN_BOOL_CONVERSION = YES;
				CLANG_WARN_COMMA = YES;
				CLANG_WARN_CONSTANT_CONVERSION = YES;
				CLANG_WARN_DEPRECATED_OBJC_IMPLEMENTATIONS = YES;
				CLANG_WARN_DIRECT_OBJC_ISA_USAGE = YES_ERROR;
				CLANG_WARN_DOCUMENTATION_COMMENTS = YES;
				CLANG_WARN_EMPTY_BODY = YES;
				CLANG_WARN_ENUM_CONVERSION = YES;
				CLANG_WARN_INFINITE_RECURSION = YES;
				CLANG_WARN_INT_CONVERSION = YES;
				CLANG_WARN_NON_LITERAL_NULL_CONVERSION = YES;
				CLANG_WARN_OBJC_IMPLICIT_RETAIN_SELF = YES;
				CLANG_WARN_OBJC_LITERAL_CONVERSION = YES;
				CLANG_WARN_OBJC_ROOT_CLASS = YES_ERROR;
				CLANG_WARN_RANGE_LOOP_ANALYSIS = YES;
				CLANG_WARN_STRICT_PROTOTYPES = YES;
				CLANG_WARN_SUSPICIOUS_MOVE = YES;
				CLANG_WARN_UNGUARDED_AVAILABILITY = YES_AGGRESSIVE;
				CLANG_WARN_UNREACHABLE_CODE = YES;
				CLANG_WARN__DUPLICATE_METHOD_MATCH = YES;
				CODE_SIGN_IDENTITY = "iPhone Developer";
				COPY_PHASE_STRIP = NO;
				DEBUG_INFORMATION_FORMAT = "dwarf-with-dsym";
				ENABLE_NS_ASSERTIONS = NO;
				ENABLE_STRICT_OBJC_MSGSEND = YES;
				GCC_C_LANGUAGE_STANDARD = gnu11;
				GCC_NO_COMMON_BLOCKS = YES;
				GCC_WARN_64_TO_32_BIT_CONVERSION = YES;
				GCC_WARN_ABOUT_RETURN_TYPE = YES_ERROR;
				GCC_WARN_UNDECLARED_SELECTOR = YES;
				GCC_WARN_UNINITIALIZED_AUTOS = YES_AGGRESSIVE;
				GCC_WARN_UNUSED_FUNCTION = YES;
				GCC_WARN_UNUSED_VARIABLE = YES;
				IPHONEOS_DEPLOYMENT_TARGET = 12.2;
				MTL_ENABLE_DEBUG_INFO = NO;
				MTL_FAST_MATH = YES;
				SDKROOT = iphoneos;
				SWIFT_COMPILATION_MODE = wholemodule;
				SWIFT_OPTIMIZATION_LEVEL = "-O";
				VALIDATE_PRODUCT = YES;
			};
			name = Release;
		};
		F0335DA522A55FCA00077257 /* Debug */ = {
			isa = XCBuildConfiguration;
			buildSettings = {
				ASSETCATALOG_COMPILER_APPICON_NAME = AppIcon;
				CODE_SIGN_STYLE = Automatic;
				INFOPLIST_FILE = OtusDZ1/Info.plist;
				LD_RUNPATH_SEARCH_PATHS = (
					"$(inherited)",
					"@executable_path/Frameworks",
				);
				PRODUCT_BUNDLE_IDENTIFIER = ru.beraylik.OtusDZ1;
				PRODUCT_NAME = "$(TARGET_NAME)";
				SWIFT_VERSION = 5.0;
				TARGETED_DEVICE_FAMILY = "1,2";
			};
			name = Debug;
		};
		F0335DA622A55FCA00077257 /* Release */ = {
			isa = XCBuildConfiguration;
			buildSettings = {
				ASSETCATALOG_COMPILER_APPICON_NAME = AppIcon;
				CODE_SIGN_STYLE = Automatic;
				INFOPLIST_FILE = OtusDZ1/Info.plist;
				LD_RUNPATH_SEARCH_PATHS = (
					"$(inherited)",
					"@executable_path/Frameworks",
				);
				PRODUCT_BUNDLE_IDENTIFIER = ru.beraylik.OtusDZ1;
				PRODUCT_NAME = "$(TARGET_NAME)";
				SWIFT_VERSION = 5.0;
				TARGETED_DEVICE_FAMILY = "1,2";
			};
			name = Release;
		};
/* End XCBuildConfiguration section */

/* Begin XCConfigurationList section */
		F0335D8D22A55FC700077257 /* Build configuration list for PBXProject "OtusDZ1" */ = {
			isa = XCConfigurationList;
			buildConfigurations = (
				F0335DA222A55FCA00077257 /* Debug */,
				F0335DA322A55FCA00077257 /* Release */,
			);
			defaultConfigurationIsVisible = 0;
			defaultConfigurationName = Release;
		};
		F0335DA422A55FCA00077257 /* Build configuration list for PBXNativeTarget "OtusDZ1" */ = {
			isa = XCConfigurationList;
			buildConfigurations = (
				F0335DA522A55FCA00077257 /* Debug */,
				F0335DA622A55FCA00077257 /* Release */,
			);
			defaultConfigurationIsVisible = 0;
			defaultConfigurationName = Release;
		};
/* End XCConfigurationList section */
	};
	rootObject = F0335D8A22A55FC700077257 /* Project object */;
}
