// !$*UTF8*$!
{
	archiveVersion = 1;
	classes = {
	};
	objectVersion = 50;
	objects = {

/* Begin PBXBuildFile section */
		F0335D9622A55FC700077257 /* AppDelegate.swift in Sources */ = {isa = PBXBuildFile; fileRef = F0335D9522A55FC700077257 /* AppDelegate.swift */; };
		F0335D9B22A55FC700077257 /* Main.storyboard in Resources */ = {isa = PBXBuildFile; fileRef = F0335D9922A55FC700077257 /* Main.storyboard */; };
		F0335D9D22A55FCA00077257 /* Assets.xcassets in Resources */ = {isa = PBXBuildFile; fileRef = F0335D9C22A55FCA00077257 /* Assets.xcassets */; };
		F0335DA022A55FCA00077257 /* LaunchScreen.storyboard in Resources */ = {isa = PBXBuildFile; fileRef = F0335D9E22A55FCA00077257 /* LaunchScreen.storyboard */; };
		F0335DA922A562F500077257 /* MasterTabBar.storyboard in Resources */ = {isa = PBXBuildFile; fileRef = F0335DA722A562F500077257 /* MasterTabBar.storyboard */; };
		F0335DAB22A56C3700077257 /* ChangeImageBtn.swift in Sources */ = {isa = PBXBuildFile; fileRef = F0335DAA22A56C3700077257 /* ChangeImageBtn.swift */; };
		F0335DAE22A5710D00077257 /* DetailSplitVC.storyboard in Resources */ = {isa = PBXBuildFile; fileRef = F0335DAC22A5710D00077257 /* DetailSplitVC.storyboard */; };
		F0335DB022A5712800077257 /* Component.xib in Resources */ = {isa = PBXBuildFile; fileRef = F0335DAF22A5712800077257 /* Component.xib */; };
		F0335DB222A5722300077257 /* Component.swift in Sources */ = {isa = PBXBuildFile; fileRef = F0335DB122A5722300077257 /* Component.swift */; };
		F0335DB422A6530100077257 /* SplitViewController.swift in Sources */ = {isa = PBXBuildFile; fileRef = F0335DB322A6530100077257 /* SplitViewController.swift */; };
		F041106D22A9850900D8E1B6 /* Profile.storyboard in Resources */ = {isa = PBXBuildFile; fileRef = F041106B22A9850900D8E1B6 /* Profile.storyboard */; };
		F041106F22A98D2C00D8E1B6 /* DIagramViewController.swift in Sources */ = {isa = PBXBuildFile; fileRef = F041106E22A98D2C00D8E1B6 /* DIagramViewController.swift */; };
		F041107722A98FC500D8E1B6 /* Diagram.xcassets in Resources */ = {isa = PBXBuildFile; fileRef = F041107622A98FC500D8E1B6 /* Diagram.xcassets */; };
		F041107922A9900600D8E1B6 /* DiagramImageProvider.swift in Sources */ = {isa = PBXBuildFile; fileRef = F041107822A9900600D8E1B6 /* DiagramImageProvider.swift */; };
		F041107B22A990DC00D8E1B6 /* Services.swift in Sources */ = {isa = PBXBuildFile; fileRef = F041107A22A990DC00D8E1B6 /* Services.swift */; };
		F041107D22B0EC8B00D8E1B6 /* BenchmarkViewController.swift in Sources */ = {isa = PBXBuildFile; fileRef = F041107C22B0EC8B00D8E1B6 /* BenchmarkViewController.swift */; };
		F041107F22B0EDDF00D8E1B6 /* ProfileViewController.swift in Sources */ = {isa = PBXBuildFile; fileRef = F041107E22B0EDDF00D8E1B6 /* ProfileViewController.swift */; };
		F041108222B0F8AB00D8E1B6 /* FeedViewController.swift in Sources */ = {isa = PBXBuildFile; fileRef = F041108122B0F8AB00D8E1B6 /* FeedViewController.swift */; };
		F041108422B0FB8000D8E1B6 /* FeedThreeViewController.swift in Sources */ = {isa = PBXBuildFile; fileRef = F041108322B0FB8000D8E1B6 /* FeedThreeViewController.swift */; };
		F0CA58AB22B259A300D6B172 /* Benchmark.storyboard in Resources */ = {isa = PBXBuildFile; fileRef = F0CA58A922B259A300D6B172 /* Benchmark.storyboard */; };
		F0CA58AE22B25E6400D6B172 /* BenchmarkBehavior.swift in Sources */ = {isa = PBXBuildFile; fileRef = F0CA58AD22B25E6400D6B172 /* BenchmarkBehavior.swift */; };
		F0CA58B322B25FF400D6B172 /* BenchmarkCell.swift in Sources */ = {isa = PBXBuildFile; fileRef = F0CA58B122B25FF400D6B172 /* BenchmarkCell.swift */; };
		F0CA58B422B25FF400D6B172 /* BenchmarkCell.xib in Resources */ = {isa = PBXBuildFile; fileRef = F0CA58B222B25FF400D6B172 /* BenchmarkCell.xib */; };
		F0CA58B622B2655900D6B172 /* AlgoProvider.swift in Sources */ = {isa = PBXBuildFile; fileRef = F0CA58B522B2655900D6B172 /* AlgoProvider.swift */; };
		F0CA58B922B2680F00D6B172 /* UIColor+Extensions.swift in Sources */ = {isa = PBXBuildFile; fileRef = F0CA58B822B2680F00D6B172 /* UIColor+Extensions.swift */; };
		F0CA58BC22B26A6200D6B172 /* StagLayout.swift in Sources */ = {isa = PBXBuildFile; fileRef = F0CA58BB22B26A6200D6B172 /* StagLayout.swift */; };
		F0CA58BE22B26AC700D6B172 /* StagLayoutFrameHolder.swift in Sources */ = {isa = PBXBuildFile; fileRef = F0CA58BD22B26AC700D6B172 /* StagLayoutFrameHolder.swift */; };
		F0CA58C022B26ADF00D6B172 /* Array+Extensions.swift in Sources */ = {isa = PBXBuildFile; fileRef = F0CA58BF22B26ADF00D6B172 /* Array+Extensions.swift */; };
		F0CA58E322BAA7D800D6B172 /* ViewControllerLifecycleBehavior.swift in Sources */ = {isa = PBXBuildFile; fileRef = F0CA58E222BAA7D800D6B172 /* ViewControllerLifecycleBehavior.swift */; };
		F0CA58E622BAAF4500D6B172 /* Feed.storyboard in Resources */ = {isa = PBXBuildFile; fileRef = F0CA58E422BAAF4500D6B172 /* Feed.storyboard */; };
		F0CA58E822BAB1AD00D6B172 /* UITableView+Extensions.swift in Sources */ = {isa = PBXBuildFile; fileRef = F0CA58E722BAB1AD00D6B172 /* UITableView+Extensions.swift */; };
		F0CA58EA22BAB2E700D6B172 /* SessionSummaryViewController.swift in Sources */ = {isa = PBXBuildFile; fileRef = F0CA58E922BAB2E700D6B172 /* SessionSummaryViewController.swift */; };
		F0CA591322C1331500D6B172 /* MyPieChartView.swift in Sources */ = {isa = PBXBuildFile; fileRef = F0CA591222C1331500D6B172 /* MyPieChartView.swift */; };
		F0CA591522C137A700D6B172 /* PieChartPiece.swift in Sources */ = {isa = PBXBuildFile; fileRef = F0CA591422C137A700D6B172 /* PieChartPiece.swift */; };
/* End PBXBuildFile section */

/* Begin PBXFileReference section */
		F0335D9222A55FC700077257 /* OtusDZ1.app */ = {isa = PBXFileReference; explicitFileType = wrapper.application; includeInIndex = 0; path = OtusDZ1.app; sourceTree = BUILT_PRODUCTS_DIR; };
		F0335D9522A55FC700077257 /* AppDelegate.swift */ = {isa = PBXFileReference; lastKnownFileType = sourcecode.swift; path = AppDelegate.swift; sourceTree = "<group>"; };
		F0335D9A22A55FC700077257 /* Base */ = {isa = PBXFileReference; lastKnownFileType = file.storyboard; name = Base; path = Base.lproj/Main.storyboard; sourceTree = "<group>"; };
		F0335D9C22A55FCA00077257 /* Assets.xcassets */ = {isa = PBXFileReference; lastKnownFileType = folder.assetcatalog; path = Assets.xcassets; sourceTree = "<group>"; };
		F0335D9F22A55FCA00077257 /* Base */ = {isa = PBXFileReference; lastKnownFileType = file.storyboard; name = Base; path = Base.lproj/LaunchScreen.storyboard; sourceTree = "<group>"; };
		F0335DA122A55FCA00077257 /* Info.plist */ = {isa = PBXFileReference; lastKnownFileType = text.plist.xml; path = Info.plist; sourceTree = "<group>"; };
		F0335DA822A562F500077257 /* Base */ = {isa = PBXFileReference; lastKnownFileType = file.storyboard; name = Base; path = OtusDZ1/Base.lproj/MasterTabBar.storyboard; sourceTree = "<group>"; };
		F0335DAA22A56C3700077257 /* ChangeImageBtn.swift */ = {isa = PBXFileReference; lastKnownFileType = sourcecode.swift; path = ChangeImageBtn.swift; sourceTree = "<group>"; };
		F0335DAD22A5710D00077257 /* Base */ = {isa = PBXFileReference; lastKnownFileType = file.storyboard; name = Base; path = OtusDZ1/Base.lproj/DetailSplitVC.storyboard; sourceTree = "<group>"; };
		F0335DAF22A5712800077257 /* Component.xib */ = {isa = PBXFileReference; lastKnownFileType = file.xib; path = Component.xib; sourceTree = "<group>"; };
		F0335DB122A5722300077257 /* Component.swift */ = {isa = PBXFileReference; lastKnownFileType = sourcecode.swift; path = Component.swift; sourceTree = "<group>"; };
		F0335DB322A6530100077257 /* SplitViewController.swift */ = {isa = PBXFileReference; lastKnownFileType = sourcecode.swift; path = SplitViewController.swift; sourceTree = "<group>"; };
		F041106C22A9850900D8E1B6 /* Base */ = {isa = PBXFileReference; lastKnownFileType = file.storyboard; name = Base; path = OtusDZ1/OtusDZ1/Base.lproj/Profile.storyboard; sourceTree = "<group>"; };
		F041106E22A98D2C00D8E1B6 /* DIagramViewController.swift */ = {isa = PBXFileReference; lastKnownFileType = sourcecode.swift; path = DIagramViewController.swift; sourceTree = "<group>"; };
		F041107622A98FC500D8E1B6 /* Diagram.xcassets */ = {isa = PBXFileReference; lastKnownFileType = folder.assetcatalog; path = Diagram.xcassets; sourceTree = "<group>"; };
		F041107822A9900600D8E1B6 /* DiagramImageProvider.swift */ = {isa = PBXFileReference; lastKnownFileType = sourcecode.swift; path = DiagramImageProvider.swift; sourceTree = "<group>"; };
		F041107A22A990DC00D8E1B6 /* Services.swift */ = {isa = PBXFileReference; lastKnownFileType = sourcecode.swift; path = Services.swift; sourceTree = "<group>"; };
		F041107C22B0EC8B00D8E1B6 /* BenchmarkViewController.swift */ = {isa = PBXFileReference; lastKnownFileType = sourcecode.swift; path = BenchmarkViewController.swift; sourceTree = "<group>"; };
		F041107E22B0EDDF00D8E1B6 /* ProfileViewController.swift */ = {isa = PBXFileReference; lastKnownFileType = sourcecode.swift; path = ProfileViewController.swift; sourceTree = "<group>"; };
		F041108122B0F8AB00D8E1B6 /* FeedViewController.swift */ = {isa = PBXFileReference; lastKnownFileType = sourcecode.swift; path = FeedViewController.swift; sourceTree = "<group>"; };
		F041108322B0FB8000D8E1B6 /* FeedThreeViewController.swift */ = {isa = PBXFileReference; lastKnownFileType = sourcecode.swift; path = FeedThreeViewController.swift; sourceTree = "<group>"; };
		F0CA58AA22B259A300D6B172 /* Base */ = {isa = PBXFileReference; lastKnownFileType = file.storyboard; name = Base; path = OtusDZ1/OtusDZ1/Base.lproj/Benchmark.storyboard; sourceTree = "<group>"; };
		F0CA58AD22B25E6400D6B172 /* BenchmarkBehavior.swift */ = {isa = PBXFileReference; lastKnownFileType = sourcecode.swift; path = BenchmarkBehavior.swift; sourceTree = "<group>"; };
		F0CA58B122B25FF400D6B172 /* BenchmarkCell.swift */ = {isa = PBXFileReference; lastKnownFileType = sourcecode.swift; path = BenchmarkCell.swift; sourceTree = "<group>"; };
		F0CA58B222B25FF400D6B172 /* BenchmarkCell.xib */ = {isa = PBXFileReference; lastKnownFileType = file.xib; path = BenchmarkCell.xib; sourceTree = "<group>"; };
		F0CA58B522B2655900D6B172 /* AlgoProvider.swift */ = {isa = PBXFileReference; lastKnownFileType = sourcecode.swift; path = AlgoProvider.swift; sourceTree = "<group>"; };
		F0CA58B822B2680F00D6B172 /* UIColor+Extensions.swift */ = {isa = PBXFileReference; lastKnownFileType = sourcecode.swift; path = "UIColor+Extensions.swift"; sourceTree = "<group>"; };
		F0CA58BB22B26A6200D6B172 /* StagLayout.swift */ = {isa = PBXFileReference; lastKnownFileType = sourcecode.swift; path = StagLayout.swift; sourceTree = "<group>"; };
		F0CA58BD22B26AC700D6B172 /* StagLayoutFrameHolder.swift */ = {isa = PBXFileReference; lastKnownFileType = sourcecode.swift; path = StagLayoutFrameHolder.swift; sourceTree = "<group>"; };
		F0CA58BF22B26ADF00D6B172 /* Array+Extensions.swift */ = {isa = PBXFileReference; lastKnownFileType = sourcecode.swift; path = "Array+Extensions.swift"; sourceTree = "<group>"; };
		F0CA58E222BAA7D800D6B172 /* ViewControllerLifecycleBehavior.swift */ = {isa = PBXFileReference; fileEncoding = 4; lastKnownFileType = sourcecode.swift; path = ViewControllerLifecycleBehavior.swift; sourceTree = "<group>"; };
		F0CA58E522BAAF4500D6B172 /* Base */ = {isa = PBXFileReference; lastKnownFileType = file.storyboard; name = Base; path = OtusDZ1/OtusDZ1/Base.lproj/Feed.storyboard; sourceTree = "<group>"; };
		F0CA58E722BAB1AD00D6B172 /* UITableView+Extensions.swift */ = {isa = PBXFileReference; lastKnownFileType = sourcecode.swift; path = "UITableView+Extensions.swift"; sourceTree = "<group>"; };
		F0CA58E922BAB2E700D6B172 /* SessionSummaryViewController.swift */ = {isa = PBXFileReference; lastKnownFileType = sourcecode.swift; path = SessionSummaryViewController.swift; sourceTree = "<group>"; };
		F0CA591222C1331500D6B172 /* MyPieChartView.swift */ = {isa = PBXFileReference; lastKnownFileType = sourcecode.swift; path = MyPieChartView.swift; sourceTree = "<group>"; };
		F0CA591422C137A700D6B172 /* PieChartPiece.swift */ = {isa = PBXFileReference; lastKnownFileType = sourcecode.swift; path = PieChartPiece.swift; sourceTree = "<group>"; };
/* End PBXFileReference section */

/* Begin PBXFrameworksBuildPhase section */
		F0335D8F22A55FC700077257 /* Frameworks */ = {
			isa = PBXFrameworksBuildPhase;
			buildActionMask = 2147483647;
			files = (
			);
			runOnlyForDeploymentPostprocessing = 0;
		};
/* End PBXFrameworksBuildPhase section */

/* Begin PBXGroup section */
		F0335D8922A55FC700077257 = {
			isa = PBXGroup;
			children = (
				F0335D9422A55FC700077257 /* OtusDZ1 */,
				F0335D9322A55FC700077257 /* Products */,
			);
			sourceTree = "<group>";
		};
		F0335D9322A55FC700077257 /* Products */ = {
			isa = PBXGroup;
			children = (
				F0335D9222A55FC700077257 /* OtusDZ1.app */,
			);
			name = Products;
			sourceTree = "<group>";
		};
		F0335D9422A55FC700077257 /* OtusDZ1 */ = {
			isa = PBXGroup;
			children = (
				F041107522A98EED00D8E1B6 /* Services */,
				F0335D9522A55FC700077257 /* AppDelegate.swift */,
				F041108022B0F89800D8E1B6 /* Feed */,
				F0CA58AC22B259B000D6B172 /* Benchmark */,
				F041106A22A984EE00D8E1B6 /* Profile */,
				F0CA591122C1328E00D6B172 /* CustomViews */,
				F0CA58C122B26F8800D6B172 /* SplitViewController */,
				F0335D9922A55FC700077257 /* Main.storyboard */,
				F0335DA722A562F500077257 /* MasterTabBar.storyboard */,
				F041107022A98D4000D8E1B6 /* Behavior */,
				F0CA58B722B267FA00D6B172 /* Extensions */,
				F0335D9C22A55FCA00077257 /* Assets.xcassets */,
				F0335D9E22A55FCA00077257 /* LaunchScreen.storyboard */,
				F0335DA122A55FCA00077257 /* Info.plist */,
			);
			path = OtusDZ1;
			sourceTree = "<group>";
		};
		F041106A22A984EE00D8E1B6 /* Profile */ = {
			isa = PBXGroup;
			children = (
				F041106E22A98D2C00D8E1B6 /* DIagramViewController.swift */,
				F041106B22A9850900D8E1B6 /* Profile.storyboard */,
				F041107622A98FC500D8E1B6 /* Diagram.xcassets */,
				F0335DAA22A56C3700077257 /* ChangeImageBtn.swift */,
				F041107E22B0EDDF00D8E1B6 /* ProfileViewController.swift */,
			);
			path = Profile;
			sourceTree = "<group>";
		};
		F041107022A98D4000D8E1B6 /* Behavior */ = {
			isa = PBXGroup;
			children = (
				F0CA58E222BAA7D800D6B172 /* ViewControllerLifecycleBehavior.swift */,
			);
			path = Behavior;
			sourceTree = "<group>";
		};
		F041107522A98EED00D8E1B6 /* Services */ = {
			isa = PBXGroup;
			children = (
				F041107822A9900600D8E1B6 /* DiagramImageProvider.swift */,
				F041107A22A990DC00D8E1B6 /* Services.swift */,
				F0CA58B522B2655900D6B172 /* AlgoProvider.swift */,
			);
			path = Services;
			sourceTree = "<group>";
		};
		F041108022B0F89800D8E1B6 /* Feed */ = {
			isa = PBXGroup;
			children = (
				F0CA58E422BAAF4500D6B172 /* Feed.storyboard */,
				F041108122B0F8AB00D8E1B6 /* FeedViewController.swift */,
				F041108322B0FB8000D8E1B6 /* FeedThreeViewController.swift */,
				F0CA58E922BAB2E700D6B172 /* SessionSummaryViewController.swift */,
			);
			path = Feed;
			sourceTree = "<group>";
		};
		F0CA58AC22B259B000D6B172 /* Benchmark */ = {
			isa = PBXGroup;
			children = (
				F0CA58BA22B269F700D6B172 /* Layouts */,
				F0CA58AD22B25E6400D6B172 /* BenchmarkBehavior.swift */,
				F0CA58A922B259A300D6B172 /* Benchmark.storyboard */,
				F041107C22B0EC8B00D8E1B6 /* BenchmarkViewController.swift */,
				F0CA58B122B25FF400D6B172 /* BenchmarkCell.swift */,
				F0CA58B222B25FF400D6B172 /* BenchmarkCell.xib */,
			);
			path = Benchmark;
			sourceTree = "<group>";
		};
		F0CA58B722B267FA00D6B172 /* Extensions */ = {
			isa = PBXGroup;
			children = (
				F0CA58B822B2680F00D6B172 /* UIColor+Extensions.swift */,
				F0CA58BF22B26ADF00D6B172 /* Array+Extensions.swift */,
				F0CA58E722BAB1AD00D6B172 /* UITableView+Extensions.swift */,
			);
			path = Extensions;
			sourceTree = "<group>";
		};
		F0CA58BA22B269F700D6B172 /* Layouts */ = {
			isa = PBXGroup;
			children = (
				F0CA58BB22B26A6200D6B172 /* StagLayout.swift */,
				F0CA58BD22B26AC700D6B172 /* StagLayoutFrameHolder.swift */,
			);
			path = Layouts;
			sourceTree = "<group>";
		};
		F0CA58C122B26F8800D6B172 /* SplitViewController */ = {
			isa = PBXGroup;
			children = (
				F0335DAC22A5710D00077257 /* DetailSplitVC.storyboard */,
				F0335DB322A6530100077257 /* SplitViewController.swift */,
				F0335DB122A5722300077257 /* Component.swift */,
				F0335DAF22A5712800077257 /* Component.xib */,
			);
			path = SplitViewController;
			sourceTree = "<group>";
		};
		F0CA591122C1328E00D6B172 /* CustomViews */ = {
			isa = PBXGroup;
			children = (
				F0CA591622C137AC00D6B172 /* MyPieChart */,
			);
			path = CustomViews;
			sourceTree = "<group>";
		};
		F0CA591622C137AC00D6B172 /* MyPieChart */ = {
			isa = PBXGroup;
			children = (
				F0CA591422C137A700D6B172 /* PieChartPiece.swift */,
				F0CA591222C1331500D6B172 /* MyPieChartView.swift */,
			);
			path = MyPieChart;
			sourceTree = "<group>";
		};
/* End PBXGroup section */

/* Begin PBXNativeTarget section */
		F0335D9122A55FC700077257 /* OtusDZ1 */ = {
			isa = PBXNativeTarget;
			buildConfigurationList = F0335DA422A55FCA00077257 /* Build configuration list for PBXNativeTarget "OtusDZ1" */;
			buildPhases = (
				F0335D8E22A55FC700077257 /* Sources */,
				F0335D8F22A55FC700077257 /* Frameworks */,
				F0335D9022A55FC700077257 /* Resources */,
			);
			buildRules = (
			);
			dependencies = (
			);
			name = OtusDZ1;
			productName = OtusDZ1;
			productReference = F0335D9222A55FC700077257 /* OtusDZ1.app */;
			productType = "com.apple.product-type.application";
		};
/* End PBXNativeTarget section */

/* Begin PBXProject section */
		F0335D8A22A55FC700077257 /* Project object */ = {
			isa = PBXProject;
			attributes = {
				LastSwiftUpdateCheck = 1020;
				LastUpgradeCheck = 1020;
				ORGANIZATIONNAME = "Генрих Берайлик";
				TargetAttributes = {
					F0335D9122A55FC700077257 = {
						CreatedOnToolsVersion = 10.2.1;
					};
				};
			};
			buildConfigurationList = F0335D8D22A55FC700077257 /* Build configuration list for PBXProject "OtusDZ1" */;
			compatibilityVersion = "Xcode 9.3";
			developmentRegion = en;
			hasScannedForEncodings = 0;
			knownRegions = (
				en,
				Base,
			);
			mainGroup = F0335D8922A55FC700077257;
			productRefGroup = F0335D9322A55FC700077257 /* Products */;
			projectDirPath = "";
			projectRoot = "";
			targets = (
				F0335D9122A55FC700077257 /* OtusDZ1 */,
			);
		};
/* End PBXProject section */

/* Begin PBXResourcesBuildPhase section */
		F0335D9022A55FC700077257 /* Resources */ = {
			isa = PBXResourcesBuildPhase;
			buildActionMask = 2147483647;
			files = (
				F0335DA022A55FCA00077257 /* LaunchScreen.storyboard in Resources */,
				F0CA58B422B25FF400D6B172 /* BenchmarkCell.xib in Resources */,
				F0CA58AB22B259A300D6B172 /* Benchmark.storyboard in Resources */,
				F041107722A98FC500D8E1B6 /* Diagram.xcassets in Resources */,
				F0335DB022A5712800077257 /* Component.xib in Resources */,
				F0335D9D22A55FCA00077257 /* Assets.xcassets in Resources */,
				F0335DAE22A5710D00077257 /* DetailSplitVC.storyboard in Resources */,
				F0335DA922A562F500077257 /* MasterTabBar.storyboard in Resources */,
				F041106D22A9850900D8E1B6 /* Profile.storyboard in Resources */,
				F0CA58E622BAAF4500D6B172 /* Feed.storyboard in Resources */,
				F0335D9B22A55FC700077257 /* Main.storyboard in Resources */,
			);
			runOnlyForDeploymentPostprocessing = 0;
		};
/* End PBXResourcesBuildPhase section */

/* Begin PBXSourcesBuildPhase section */
		F0335D8E22A55FC700077257 /* Sources */ = {
			isa = PBXSourcesBuildPhase;
			buildActionMask = 2147483647;
			files = (
				F0CA58E322BAA7D800D6B172 /* ViewControllerLifecycleBehavior.swift in Sources */,
				F041107922A9900600D8E1B6 /* DiagramImageProvider.swift in Sources */,
				F0335DB422A6530100077257 /* SplitViewController.swift in Sources */,
				F0335DAB22A56C3700077257 /* ChangeImageBtn.swift in Sources */,
				F0335DB222A5722300077257 /* Component.swift in Sources */,
				F0CA591322C1331500D6B172 /* MyPieChartView.swift in Sources */,
				F041107D22B0EC8B00D8E1B6 /* BenchmarkViewController.swift in Sources */,
				F041108422B0FB8000D8E1B6 /* FeedThreeViewController.swift in Sources */,
				F0CA58BE22B26AC700D6B172 /* StagLayoutFrameHolder.swift in Sources */,
				F041107F22B0EDDF00D8E1B6 /* ProfileViewController.swift in Sources */,
				F0CA58B322B25FF400D6B172 /* BenchmarkCell.swift in Sources */,
				F041106F22A98D2C00D8E1B6 /* DIagramViewController.swift in Sources */,
				F0CA58C022B26ADF00D6B172 /* Array+Extensions.swift in Sources */,
				F0CA58AE22B25E6400D6B172 /* BenchmarkBehavior.swift in Sources */,
				F0CA58B622B2655900D6B172 /* AlgoProvider.swift in Sources */,
				F0335D9622A55FC700077257 /* AppDelegate.swift in Sources */,
				F0CA58EA22BAB2E700D6B172 /* SessionSummaryViewController.swift in Sources */,
				F0CA58E822BAB1AD00D6B172 /* UITableView+Extensions.swift in Sources */,
				F041107B22A990DC00D8E1B6 /* Services.swift in Sources */,
				F0CA591522C137A700D6B172 /* PieChartPiece.swift in Sources */,
				F0CA58BC22B26A6200D6B172 /* StagLayout.swift in Sources */,
				F041108222B0F8AB00D8E1B6 /* FeedViewController.swift in Sources */,
				F0CA58B922B2680F00D6B172 /* UIColor+Extensions.swift in Sources */,
			);
			runOnlyForDeploymentPostprocessing = 0;
		};
/* End PBXSourcesBuildPhase section */

/* Begin PBXVariantGroup section */
		F0335D9922A55FC700077257 /* Main.storyboard */ = {
			isa = PBXVariantGroup;
			children = (
				F0335D9A22A55FC700077257 /* Base */,
			);
			name = Main.storyboard;
			sourceTree = "<group>";
		};
		F0335D9E22A55FCA00077257 /* LaunchScreen.storyboard */ = {
			isa = PBXVariantGroup;
			children = (
				F0335D9F22A55FCA00077257 /* Base */,
			);
			name = LaunchScreen.storyboard;
			sourceTree = "<group>";
		};
		F0335DA722A562F500077257 /* MasterTabBar.storyboard */ = {
			isa = PBXVariantGroup;
			children = (
				F0335DA822A562F500077257 /* Base */,
			);
			name = MasterTabBar.storyboard;
			sourceTree = "<group>";
		};
		F0335DAC22A5710D00077257 /* DetailSplitVC.storyboard */ = {
			isa = PBXVariantGroup;
			children = (
				F0335DAD22A5710D00077257 /* Base */,
			);
			name = DetailSplitVC.storyboard;
			sourceTree = "<group>";
		};
		F041106B22A9850900D8E1B6 /* Profile.storyboard */ = {
			isa = PBXVariantGroup;
			children = (
				F041106C22A9850900D8E1B6 /* Base */,
			);
			name = Profile.storyboard;
			sourceTree = "<group>";
		};
		F0CA58A922B259A300D6B172 /* Benchmark.storyboard */ = {
			isa = PBXVariantGroup;
			children = (
				F0CA58AA22B259A300D6B172 /* Base */,
			);
			name = Benchmark.storyboard;
			sourceTree = "<group>";
		};
		F0CA58E422BAAF4500D6B172 /* Feed.storyboard */ = {
			isa = PBXVariantGroup;
			children = (
				F0CA58E522BAAF4500D6B172 /* Base */,
			);
			name = Feed.storyboard;
			sourceTree = "<group>";
		};
/* End PBXVariantGroup section */

/* Begin XCBuildConfiguration section */
		F0335DA222A55FCA00077257 /* Debug */ = {
			isa = XCBuildConfiguration;
			buildSettings = {
				ALWAYS_SEARCH_USER_PATHS = NO;
				CLANG_ANALYZER_NONNULL = YES;
				CLANG_ANALYZER_NUMBER_OBJECT_CONVERSION = YES_AGGRESSIVE;
				CLANG_CXX_LANGUAGE_STANDARD = "gnu++14";
				CLANG_CXX_LIBRARY = "libc++";
				CLANG_ENABLE_MODULES = YES;
				CLANG_ENABLE_OBJC_ARC = YES;
				CLANG_ENABLE_OBJC_WEAK = YES;
				CLANG_WARN_BLOCK_CAPTURE_AUTORELEASING = YES;
				CLANG_WARN_BOOL_CONVERSION = YES;
				CLANG_WARN_COMMA = YES;
				CLANG_WARN_CONSTANT_CONVERSION = YES;
				CLANG_WARN_DEPRECATED_OBJC_IMPLEMENTATIONS = YES;
				CLANG_WARN_DIRECT_OBJC_ISA_USAGE = YES_ERROR;
				CLANG_WARN_DOCUMENTATION_COMMENTS = YES;
				CLANG_WARN_EMPTY_BODY = YES;
				CLANG_WARN_ENUM_CONVERSION = YES;
				CLANG_WARN_INFINITE_RECURSION = YES;
				CLANG_WARN_INT_CONVERSION = YES;
				CLANG_WARN_NON_LITERAL_NULL_CONVERSION = YES;
				CLANG_WARN_OBJC_IMPLICIT_RETAIN_SELF = YES;
				CLANG_WARN_OBJC_LITERAL_CONVERSION = YES;
				CLANG_WARN_OBJC_ROOT_CLASS = YES_ERROR;
				CLANG_WARN_RANGE_LOOP_ANALYSIS = YES;
				CLANG_WARN_STRICT_PROTOTYPES = YES;
				CLANG_WARN_SUSPICIOUS_MOVE = YES;
				CLANG_WARN_UNGUARDED_AVAILABILITY = YES_AGGRESSIVE;
				CLANG_WARN_UNREACHABLE_CODE = YES;
				CLANG_WARN__DUPLICATE_METHOD_MATCH = YES;
				CODE_SIGN_IDENTITY = "iPhone Developer";
				COPY_PHASE_STRIP = NO;
				DEBUG_INFORMATION_FORMAT = dwarf;
				ENABLE_STRICT_OBJC_MSGSEND = YES;
				ENABLE_TESTABILITY = YES;
				GCC_C_LANGUAGE_STANDARD = gnu11;
				GCC_DYNAMIC_NO_PIC = NO;
				GCC_NO_COMMON_BLOCKS = YES;
				GCC_OPTIMIZATION_LEVEL = 0;
				GCC_PREPROCESSOR_DEFINITIONS = (
					"DEBUG=1",
					"$(inherited)",
				);
				GCC_WARN_64_TO_32_BIT_CONVERSION = YES;
				GCC_WARN_ABOUT_RETURN_TYPE = YES_ERROR;
				GCC_WARN_UNDECLARED_SELECTOR = YES;
				GCC_WARN_UNINITIALIZED_AUTOS = YES_AGGRESSIVE;
				GCC_WARN_UNUSED_FUNCTION = YES;
				GCC_WARN_UNUSED_VARIABLE = YES;
				IPHONEOS_DEPLOYMENT_TARGET = 12.2;
				MTL_ENABLE_DEBUG_INFO = INCLUDE_SOURCE;
				MTL_FAST_MATH = YES;
				ONLY_ACTIVE_ARCH = YES;
				SDKROOT = iphoneos;
				SWIFT_ACTIVE_COMPILATION_CONDITIONS = DEBUG;
				SWIFT_OPTIMIZATION_LEVEL = "-Onone";
			};
			name = Debug;
		};
		F0335DA322A55FCA00077257 /* Release */ = {
			isa = XCBuildConfiguration;
			buildSettings = {
				ALWAYS_SEARCH_USER_PATHS = NO;
				CLANG_ANALYZER_NONNULL = YES;
				CLANG_ANALYZER_NUMBER_OBJECT_CONVERSION = YES_AGGRESSIVE;
				CLANG_CXX_LANGUAGE_STANDARD = "gnu++14";
				CLANG_CXX_LIBRARY = "libc++";
				CLANG_ENABLE_MODULES = YES;
				CLANG_ENABLE_OBJC_ARC = YES;
				CLANG_ENABLE_OBJC_WEAK = YES;
				CLANG_WARN_BLOCK_CAPTURE_AUTORELEASING = YES;
				CLANG_WARN_BOOL_CONVERSION = YES;
				CLANG_WARN_COMMA = YES;
				CLANG_WARN_CONSTANT_CONVERSION = YES;
				CLANG_WARN_DEPRECATED_OBJC_IMPLEMENTATIONS = YES;
				CLANG_WARN_DIRECT_OBJC_ISA_USAGE = YES_ERROR;
				CLANG_WARN_DOCUMENTATION_COMMENTS = YES;
				CLANG_WARN_EMPTY_BODY = YES;
				CLANG_WARN_ENUM_CONVERSION = YES;
				CLANG_WARN_INFINITE_RECURSION = YES;
				CLANG_WARN_INT_CONVERSION = YES;
				CLANG_WARN_NON_LITERAL_NULL_CONVERSION = YES;
				CLANG_WARN_OBJC_IMPLICIT_RETAIN_SELF = YES;
				CLANG_WARN_OBJC_LITERAL_CONVERSION = YES;
				CLANG_WARN_OBJC_ROOT_CLASS = YES_ERROR;
				CLANG_WARN_RANGE_LOOP_ANALYSIS = YES;
				CLANG_WARN_STRICT_PROTOTYPES = YES;
				CLANG_WARN_SUSPICIOUS_MOVE = YES;
				CLANG_WARN_UNGUARDED_AVAILABILITY = YES_AGGRESSIVE;
				CLANG_WARN_UNREACHABLE_CODE = YES;
				CLANG_WARN__DUPLICATE_METHOD_MATCH = YES;
				CODE_SIGN_IDENTITY = "iPhone Developer";
				COPY_PHASE_STRIP = NO;
				DEBUG_INFORMATION_FORMAT = "dwarf-with-dsym";
				ENABLE_NS_ASSERTIONS = NO;
				ENABLE_STRICT_OBJC_MSGSEND = YES;
				GCC_C_LANGUAGE_STANDARD = gnu11;
				GCC_NO_COMMON_BLOCKS = YES;
				GCC_WARN_64_TO_32_BIT_CONVERSION = YES;
				GCC_WARN_ABOUT_RETURN_TYPE = YES_ERROR;
				GCC_WARN_UNDECLARED_SELECTOR = YES;
				GCC_WARN_UNINITIALIZED_AUTOS = YES_AGGRESSIVE;
				GCC_WARN_UNUSED_FUNCTION = YES;
				GCC_WARN_UNUSED_VARIABLE = YES;
				IPHONEOS_DEPLOYMENT_TARGET = 12.2;
				MTL_ENABLE_DEBUG_INFO = NO;
				MTL_FAST_MATH = YES;
				SDKROOT = iphoneos;
				SWIFT_COMPILATION_MODE = wholemodule;
				SWIFT_OPTIMIZATION_LEVEL = "-O";
				VALIDATE_PRODUCT = YES;
			};
			name = Release;
		};
		F0335DA522A55FCA00077257 /* Debug */ = {
			isa = XCBuildConfiguration;
			buildSettings = {
				ASSETCATALOG_COMPILER_APPICON_NAME = AppIcon;
				CODE_SIGN_STYLE = Automatic;
				INFOPLIST_FILE = OtusDZ1/Info.plist;
				LD_RUNPATH_SEARCH_PATHS = (
					"$(inherited)",
					"@executable_path/Frameworks",
				);
				PRODUCT_BUNDLE_IDENTIFIER = ru.beraylik.OtusDZ1;
				PRODUCT_NAME = "$(TARGET_NAME)";
				SWIFT_VERSION = 5.0;
				TARGETED_DEVICE_FAMILY = "1,2";
			};
			name = Debug;
		};
		F0335DA622A55FCA00077257 /* Release */ = {
			isa = XCBuildConfiguration;
			buildSettings = {
				ASSETCATALOG_COMPILER_APPICON_NAME = AppIcon;
				CODE_SIGN_STYLE = Automatic;
				INFOPLIST_FILE = OtusDZ1/Info.plist;
				LD_RUNPATH_SEARCH_PATHS = (
					"$(inherited)",
					"@executable_path/Frameworks",
				);
				PRODUCT_BUNDLE_IDENTIFIER = ru.beraylik.OtusDZ1;
				PRODUCT_NAME = "$(TARGET_NAME)";
				SWIFT_VERSION = 5.0;
				TARGETED_DEVICE_FAMILY = "1,2";
			};
			name = Release;
		};
/* End XCBuildConfiguration section */

/* Begin XCConfigurationList section */
		F0335D8D22A55FC700077257 /* Build configuration list for PBXProject "OtusDZ1" */ = {
			isa = XCConfigurationList;
			buildConfigurations = (
				F0335DA222A55FCA00077257 /* Debug */,
				F0335DA322A55FCA00077257 /* Release */,
			);
			defaultConfigurationIsVisible = 0;
			defaultConfigurationName = Release;
		};
		F0335DA422A55FCA00077257 /* Build configuration list for PBXNativeTarget "OtusDZ1" */ = {
			isa = XCConfigurationList;
			buildConfigurations = (
				F0335DA522A55FCA00077257 /* Debug */,
				F0335DA622A55FCA00077257 /* Release */,
			);
			defaultConfigurationIsVisible = 0;
			defaultConfigurationName = Release;
		};
/* End XCConfigurationList section */
	};
	rootObject = F0335D8A22A55FC700077257 /* Project object */;
}
