{
  "object": {
    "pins": [
      {
        "package": "TestProfiler",
        "repositoryURL": "https://github.com/beraylik/TestProfiler",
        "state": {
          "branch": null,
          "revision": "75f1684a9194c3e99d3a3cb6801ba1c2e5797f62",
          "version": "1.0.4"
        }
      }
    ]
  },
  "version": 1
}
